
Microsoft Visual Studio Solution File, Format Version 12.00
# Visual Studio Version 17
VisualStudioVersion = 17.7.34221.43
MinimumVisualStudioVersion = 10.0.40219.1
Project("{FAE04EC0-301F-11D3-BF4B-00C04F79EFBC}") = "CarManufacturer", "CarManufacturer\CarManufacturer.csproj", "{9527D5A0-0E28-495C-8802-2A2C15DA32C0}"
EndProject
Global
	GlobalSection(SolutionConfigurationPlatforms) = preSolution
		Debug|Any CPU = Debug|Any CPU
		Release|Any CPU = Release|Any CPU
	EndGlobalSection
	GlobalSection(ProjectConfigurationPlatforms) = postSolution
		{9527D5A0-0E28-495C-8802-2A2C15DA32C0}.Debug|Any CPU.ActiveCfg = Debug|Any CPU
		{9527D5A0-0E28-495C-8802-2A2C15DA32C0}.Debug|Any CPU.Build.0 = Debug|Any CPU
		{9527D5A0-0E28-495C-8802-2A2C15DA32C0}.Release|Any CPU.ActiveCfg = Release|Any CPU
		{9527D5A0-0E28-495C-8802-2A2C15DA32C0}.Release|Any CPU.Build.0 = Release|Any CPU
	EndGlobalSection
	GlobalSection(SolutionProperties) = preSolution
		HideSolutionNode = FALSE
	EndGlobalSection
	GlobalSection(ExtensibilityGlobals) = postSolution
		SolutionGuid = {4F6935C8-B537-42F5-BB44-DBD2E8B47824}
	EndGlobalSection
EndGlobal
