
Microsoft Visual Studio Solution File, Format Version 12.00
# Visual Studio Version 17
VisualStudioVersion = 17.7.34221.43
MinimumVisualStudioVersion = 10.0.40219.1
Project("{9A19103F-16F7-4668-BE54-9A1E7A4F7556}") = "00. Demo", "00. Demo\00. Demo.csproj", "{8847B306-A0E4-4BA4-869F-53595B646771}"
EndProject
Project("{FAE04EC0-301F-11D3-BF4B-00C04F79EFBC}") = "01. Songs", "01. Songs\01. Songs.csproj", "{15361FEE-620B-49C2-B899-A6E770A284FA}"
EndProject
Project("{FAE04EC0-301F-11D3-BF4B-00C04F79EFBC}") = "02. Students", "02. Students\02. Students.csproj", "{8E0F90C4-3A06-41E8-8659-5DC0BCF9244B}"
EndProject
Project("{FAE04EC0-301F-11D3-BF4B-00C04F79EFBC}") = "03. StoreBoxes", "03. StoreBoxes\03. StoreBoxes.csproj", "{E0A4804C-9D0D-4B35-A46B-167FD8ADF210}"
EndProject
Project("{FAE04EC0-301F-11D3-BF4B-00C04F79EFBC}") = "04. VehicleCatalogue", "04. VehicleCatalogue\04. VehicleCatalogue.csproj", "{1C487ACA-83C7-4814-B3F6-198B62480419}"
EndProject
Global
	GlobalSection(SolutionConfigurationPlatforms) = preSolution
		Debug|Any CPU = Debug|Any CPU
		Release|Any CPU = Release|Any CPU
	EndGlobalSection
	GlobalSection(ProjectConfigurationPlatforms) = postSolution
		{8847B306-A0E4-4BA4-869F-53595B646771}.Debug|Any CPU.ActiveCfg = Debug|Any CPU
		{8847B306-A0E4-4BA4-869F-53595B646771}.Debug|Any CPU.Build.0 = Debug|Any CPU
		{8847B306-A0E4-4BA4-869F-53595B646771}.Release|Any CPU.ActiveCfg = Release|Any CPU
		{8847B306-A0E4-4BA4-869F-53595B646771}.Release|Any CPU.Build.0 = Release|Any CPU
		{15361FEE-620B-49C2-B899-A6E770A284FA}.Debug|Any CPU.ActiveCfg = Debug|Any CPU
		{15361FEE-620B-49C2-B899-A6E770A284FA}.Debug|Any CPU.Build.0 = Debug|Any CPU
		{15361FEE-620B-49C2-B899-A6E770A284FA}.Release|Any CPU.ActiveCfg = Release|Any CPU
		{15361FEE-620B-49C2-B899-A6E770A284FA}.Release|Any CPU.Build.0 = Release|Any CPU
		{8E0F90C4-3A06-41E8-8659-5DC0BCF9244B}.Debug|Any CPU.ActiveCfg = Debug|Any CPU
		{8E0F90C4-3A06-41E8-8659-5DC0BCF9244B}.Debug|Any CPU.Build.0 = Debug|Any CPU
		{8E0F90C4-3A06-41E8-8659-5DC0BCF9244B}.Release|Any CPU.ActiveCfg = Release|Any CPU
		{8E0F90C4-3A06-41E8-8659-5DC0BCF9244B}.Release|Any CPU.Build.0 = Release|Any CPU
		{E0A4804C-9D0D-4B35-A46B-167FD8ADF210}.Debug|Any CPU.ActiveCfg = Debug|Any CPU
		{E0A4804C-9D0D-4B35-A46B-167FD8ADF210}.Debug|Any CPU.Build.0 = Debug|Any CPU
		{E0A4804C-9D0D-4B35-A46B-167FD8ADF210}.Release|Any CPU.ActiveCfg = Release|Any CPU
		{E0A4804C-9D0D-4B35-A46B-167FD8ADF210}.Release|Any CPU.Build.0 = Release|Any CPU
		{1C487ACA-83C7-4814-B3F6-198B62480419}.Debug|Any CPU.ActiveCfg = Debug|Any CPU
		{1C487ACA-83C7-4814-B3F6-198B62480419}.Debug|Any CPU.Build.0 = Debug|Any CPU
		{1C487ACA-83C7-4814-B3F6-198B62480419}.Release|Any CPU.ActiveCfg = Release|Any CPU
		{1C487ACA-83C7-4814-B3F6-198B62480419}.Release|Any CPU.Build.0 = Release|Any CPU
	EndGlobalSection
	GlobalSection(SolutionProperties) = preSolution
		HideSolutionNode = FALSE
	EndGlobalSection
	GlobalSection(ExtensibilityGlobals) = postSolution
		SolutionGuid = {21A7D0A8-90A4-4C78-9EB7-F250E02521A8}
	EndGlobalSection
EndGlobal
